
Microsoft Visual Studio Solution File, Format Version 12.00
# Visual Studio 2013
VisualStudioVersion = 12.0.21005.1
MinimumVisualStudioVersion = 10.0.40219.1
Project("{8BC9CEB8-8B4A-11D0-8D11-00A0C91BC942}") = "SeaWoodEngine", "SeaWoodEngine\SeaWoodEngine.vcxproj", "{F12BB160-237E-41C4-B2F3-9A084DA7C451}"
EndProject
Project("{8BC9CEB8-8B4A-11D0-8D11-00A0C91BC942}") = "DummyClient", "DummyClient\DummyClient.vcxproj", "{2FE74CC2-2465-46E7-A91E-5BF7DD6A3C24}"
EndProject
Project("{8BC9CEB8-8B4A-11D0-8D11-00A0C91BC942}") = "Converter", "Converter\Converter.vcxproj", "{16D23D22-CDE0-429D-931D-537F18BFBA62}"
EndProject
Project("{2150E333-8FDC-42A3-9474-1A3956D46DE8}") = "Tool", "Tool", "{4E352905-120B-444A-85A4-A567399B8919}"
EndProject
Global
	GlobalSection(SolutionConfigurationPlatforms) = preSolution
		Debug|Win32 = Debug|Win32
		Release|Win32 = Release|Win32
	EndGlobalSection
	GlobalSection(ProjectConfigurationPlatforms) = postSolution
		{F12BB160-237E-41C4-B2F3-9A084DA7C451}.Debug|Win32.ActiveCfg = Debug|Win32
		{F12BB160-237E-41C4-B2F3-9A084DA7C451}.Debug|Win32.Build.0 = Debug|Win32
		{F12BB160-237E-41C4-B2F3-9A084DA7C451}.Release|Win32.ActiveCfg = Release|Win32
		{F12BB160-237E-41C4-B2F3-9A084DA7C451}.Release|Win32.Build.0 = Release|Win32
		{2FE74CC2-2465-46E7-A91E-5BF7DD6A3C24}.Debug|Win32.ActiveCfg = Debug|Win32
		{2FE74CC2-2465-46E7-A91E-5BF7DD6A3C24}.Debug|Win32.Build.0 = Debug|Win32
		{2FE74CC2-2465-46E7-A91E-5BF7DD6A3C24}.Release|Win32.ActiveCfg = Release|Win32
		{2FE74CC2-2465-46E7-A91E-5BF7DD6A3C24}.Release|Win32.Build.0 = Release|Win32
		{16D23D22-CDE0-429D-931D-537F18BFBA62}.Debug|Win32.ActiveCfg = Debug|Win32
		{16D23D22-CDE0-429D-931D-537F18BFBA62}.Debug|Win32.Build.0 = Debug|Win32
		{16D23D22-CDE0-429D-931D-537F18BFBA62}.Release|Win32.ActiveCfg = Release|Win32
		{16D23D22-CDE0-429D-931D-537F18BFBA62}.Release|Win32.Build.0 = Release|Win32
	EndGlobalSection
	GlobalSection(SolutionProperties) = preSolution
		HideSolutionNode = FALSE
	EndGlobalSection
	GlobalSection(NestedProjects) = preSolution
		{16D23D22-CDE0-429D-931D-537F18BFBA62} = {4E352905-120B-444A-85A4-A567399B8919}
	EndGlobalSection
	GlobalSection(Performance) = preSolution
		HasPerformanceSessions = true
	EndGlobalSection
EndGlobal
