<?xml version="1.0" encoding="utf-8"?>
<Project ToolsVersion="4.0" xmlns="http://schemas.microsoft.com/developer/msbuild/2003">
  <ItemGroup>
    <Filter Include="소스 파일">
      <UniqueIdentifier>{4FC737F1-C7A5-4376-A066-2A32D752A2FF}</UniqueIdentifier>
      <Extensions>cpp;c;cc;cxx;def;odl;idl;hpj;bat;asm;asmx</Extensions>
    </Filter>
    <Filter Include="리소스 파일">
      <UniqueIdentifier>{67DA6AB6-F800-4c08-8B7A-83BB121AAD01}</UniqueIdentifier>
      <Extensions>rc;ico;cur;bmp;dlg;rc2;rct;bin;rgs;gif;jpg;jpeg;jpe;resx;tiff;tif;png;wav;mfcribbon-ms</Extensions>
    </Filter>
    <Filter Include="소스 파일\Fx">
      <UniqueIdentifier>{eb35eb64-92f9-428d-8374-0ca1a3f98ecb}</UniqueIdentifier>
    </Filter>
  </ItemGroup>
  <ItemGroup>
    <ClCompile Include="MyApplication.cpp">
      <Filter>소스 파일</Filter>
    </ClCompile>
    <ClCompile Include="main.cpp">
      <Filter>소스 파일</Filter>
    </ClCompile>
    <ClCompile Include="FirstScene.cpp">
      <Filter>소스 파일</Filter>
    </ClCompile>
    <ClCompile Include="Box.cpp">
      <Filter>소스 파일</Filter>
    </ClCompile>
    <ClCompile Include="DynamicBox.cpp">
      <Filter>소스 파일</Filter>
    </ClCompile>
    <ClCompile Include="MouseCamera.cpp">
      <Filter>소스 파일</Filter>
    </ClCompile>
    <ClCompile Include="ChasingCamera.cpp">
      <Filter>소스 파일</Filter>
    </ClCompile>
    <ClCompile Include="SecondScene.cpp">
      <Filter>소스 파일</Filter>
    </ClCompile>
    <ClCompile Include="PlayingBox.cpp">
      <Filter>소스 파일</Filter>
    </ClCompile>
    <ClCompile Include="PlayingCamera.cpp">
      <Filter>소스 파일</Filter>
    </ClCompile>
    <ClCompile Include="Missile.cpp">
      <Filter>소스 파일</Filter>
    </ClCompile>
  </ItemGroup>
  <ItemGroup>
    <ClInclude Include="MyApplication.h">
      <Filter>소스 파일</Filter>
    </ClInclude>
    <ClInclude Include="FirstScene.h">
      <Filter>소스 파일</Filter>
    </ClInclude>
    <ClInclude Include="Box.h">
      <Filter>소스 파일</Filter>
    </ClInclude>
    <ClInclude Include="DynamicBox.h">
      <Filter>소스 파일</Filter>
    </ClInclude>
    <ClInclude Include="MouseCamera.h">
      <Filter>소스 파일</Filter>
    </ClInclude>
    <ClInclude Include="ChasingCamera.h">
      <Filter>소스 파일</Filter>
    </ClInclude>
    <ClInclude Include="SecondScene.h">
      <Filter>소스 파일</Filter>
    </ClInclude>
    <ClInclude Include="PlayingBox.h">
      <Filter>소스 파일</Filter>
    </ClInclude>
    <ClInclude Include="PlayingCamera.h">
      <Filter>소스 파일</Filter>
    </ClInclude>
    <ClInclude Include="Missile.h">
      <Filter>소스 파일</Filter>
    </ClInclude>
  </ItemGroup>
  <ItemGroup>
    <FxCompile Include="FX\color.fx">
      <Filter>소스 파일\Fx</Filter>
    </FxCompile>
  </ItemGroup>
</Project>