<?xml version="1.0" encoding="utf-8"?>
<Project ToolsVersion="4.0" xmlns="http://schemas.microsoft.com/developer/msbuild/2003">
  <ItemGroup>
    <Filter Include="base">
      <UniqueIdentifier>{febdcc86-98fd-4be9-8670-6f7c6fc183dc}</UniqueIdentifier>
    </Filter>
    <Filter Include="file">
      <UniqueIdentifier>{6af36dd7-9604-49d7-81e9-d20498165ce2}</UniqueIdentifier>
    </Filter>
    <Filter Include="node">
      <UniqueIdentifier>{52f67417-3a6a-4ac6-ab6a-9e56088414db}</UniqueIdentifier>
    </Filter>
    <Filter Include="base\structure">
      <UniqueIdentifier>{eb8aa8fb-6e78-4e8b-aefd-659726875cb5}</UniqueIdentifier>
    </Filter>
    <Filter Include="base\event">
      <UniqueIdentifier>{6dd7335a-646f-4e82-a5ba-743eb4163a93}</UniqueIdentifier>
    </Filter>
    <Filter Include="unconfirmed">
      <UniqueIdentifier>{2bfd673e-4b0d-42d7-800a-6cd846103bb0}</UniqueIdentifier>
    </Filter>
    <Filter Include="base\renderer">
      <UniqueIdentifier>{828aeec7-002a-4a94-b8c4-f13bb214a849}</UniqueIdentifier>
    </Filter>
  </ItemGroup>
  <ItemGroup>
    <ClCompile Include="Application.cpp">
      <Filter>base</Filter>
    </ClCompile>
    <ClCompile Include="Director.cpp">
      <Filter>base</Filter>
    </ClCompile>
    <ClCompile Include="stdafx.cpp" />
    <ClCompile Include="Point2.cpp">
      <Filter>base\structure</Filter>
    </ClCompile>
    <ClCompile Include="Rect.cpp">
      <Filter>base\structure</Filter>
    </ClCompile>
    <ClCompile Include="Size.cpp">
      <Filter>base\structure</Filter>
    </ClCompile>
    <ClCompile Include="Node.cpp">
      <Filter>node</Filter>
    </ClCompile>
    <ClCompile Include="Scene.cpp">
      <Filter>node</Filter>
    </ClCompile>
    <ClCompile Include="Utility.cpp">
      <Filter>base</Filter>
    </ClCompile>
    <ClCompile Include="Event.cpp">
      <Filter>base\event</Filter>
    </ClCompile>
    <ClCompile Include="MouseEvent.cpp">
      <Filter>base\event</Filter>
    </ClCompile>
    <ClCompile Include="Ref.cpp">
      <Filter>node</Filter>
    </ClCompile>
    <ClCompile Include="KeyManager.cpp">
      <Filter>base</Filter>
    </ClCompile>
    <ClCompile Include="Camera.cpp">
      <Filter>base\renderer</Filter>
    </ClCompile>
    <ClCompile Include="Shader.cpp">
      <Filter>unconfirmed</Filter>
    </ClCompile>
    <ClCompile Include="Figure.cpp">
      <Filter>unconfirmed</Filter>
    </ClCompile>
    <ClCompile Include="D3DRenderer.cpp">
      <Filter>base\renderer</Filter>
    </ClCompile>
    <ClCompile Include="GdiRenderer.cpp">
      <Filter>base\renderer</Filter>
    </ClCompile>
    <ClCompile Include="Renderer.cpp">
      <Filter>base\renderer</Filter>
    </ClCompile>
  </ItemGroup>
  <ItemGroup>
    <ClInclude Include="Application.h">
      <Filter>base</Filter>
    </ClInclude>
    <ClInclude Include="Director.h">
      <Filter>base</Filter>
    </ClInclude>
    <ClInclude Include="Macro.h">
      <Filter>base</Filter>
    </ClInclude>
    <ClInclude Include="SeaWood.h">
      <Filter>base</Filter>
    </ClInclude>
    <ClInclude Include="stdafx.h" />
    <ClInclude Include="Point2.h">
      <Filter>base\structure</Filter>
    </ClInclude>
    <ClInclude Include="Rect.h">
      <Filter>base\structure</Filter>
    </ClInclude>
    <ClInclude Include="Size.h">
      <Filter>base\structure</Filter>
    </ClInclude>
    <ClInclude Include="Node.h">
      <Filter>node</Filter>
    </ClInclude>
    <ClInclude Include="structure.h">
      <Filter>base\structure</Filter>
    </ClInclude>
    <ClInclude Include="Scene.h">
      <Filter>node</Filter>
    </ClInclude>
    <ClInclude Include="Utility.h">
      <Filter>base</Filter>
    </ClInclude>
    <ClInclude Include="SWEngine.h" />
    <ClInclude Include="Event.h">
      <Filter>base\event</Filter>
    </ClInclude>
    <ClInclude Include="MouseEvent.h">
      <Filter>base\event</Filter>
    </ClInclude>
    <ClInclude Include="Ref.h">
      <Filter>node</Filter>
    </ClInclude>
    <ClInclude Include="KeyManager.h">
      <Filter>base</Filter>
    </ClInclude>
    <ClInclude Include="Camera.h">
      <Filter>base\renderer</Filter>
    </ClInclude>
    <ClInclude Include="Shader.h">
      <Filter>unconfirmed</Filter>
    </ClInclude>
    <ClInclude Include="Figure.h">
      <Filter>unconfirmed</Filter>
    </ClInclude>
    <ClInclude Include="D3DRenderer.h">
      <Filter>base\renderer</Filter>
    </ClInclude>
    <ClInclude Include="GdiRenderer.h">
      <Filter>base\renderer</Filter>
    </ClInclude>
    <ClInclude Include="Renderer.h">
      <Filter>base\renderer</Filter>
    </ClInclude>
  </ItemGroup>
</Project>