<?xml version="1.0" encoding="utf-8"?>
<Project ToolsVersion="4.0" xmlns="http://schemas.microsoft.com/developer/msbuild/2003">
  <ItemGroup>
    <Filter Include="base">
      <UniqueIdentifier>{febdcc86-98fd-4be9-8670-6f7c6fc183dc}</UniqueIdentifier>
    </Filter>
    <Filter Include="file">
      <UniqueIdentifier>{6af36dd7-9604-49d7-81e9-d20498165ce2}</UniqueIdentifier>
    </Filter>
    <Filter Include="node">
      <UniqueIdentifier>{52f67417-3a6a-4ac6-ab6a-9e56088414db}</UniqueIdentifier>
    </Filter>
    <Filter Include="base\structure">
      <UniqueIdentifier>{eb8aa8fb-6e78-4e8b-aefd-659726875cb5}</UniqueIdentifier>
    </Filter>
    <Filter Include="base\event">
      <UniqueIdentifier>{6dd7335a-646f-4e82-a5ba-743eb4163a93}</UniqueIdentifier>
    </Filter>
    <Filter Include="base\renderer">
      <UniqueIdentifier>{828aeec7-002a-4a94-b8c4-f13bb214a849}</UniqueIdentifier>
    </Filter>
    <Filter Include="base\renderer\global">
      <UniqueIdentifier>{f72f595a-4ff7-425e-ac26-6a1a0e2cb2ef}</UniqueIdentifier>
    </Filter>
    <Filter Include="fx">
      <UniqueIdentifier>{8535f2fc-3e62-443e-94dd-11d23f7a8c15}</UniqueIdentifier>
    </Filter>
    <Filter Include="base\renderer\global\Effect">
      <UniqueIdentifier>{231fb365-47f3-4289-8c6b-b88cb3ee4ef1}</UniqueIdentifier>
    </Filter>
    <Filter Include="base\renderer\global\InputLayout">
      <UniqueIdentifier>{2818dda5-76d5-42fa-8cb1-535b79496233}</UniqueIdentifier>
    </Filter>
    <Filter Include="base\renderer\global\Blend">
      <UniqueIdentifier>{afb1c098-feaf-445a-8586-c1255a8e2e85}</UniqueIdentifier>
    </Filter>
    <Filter Include="base\renderer\global\Rasterize">
      <UniqueIdentifier>{46c3b28e-beaa-40f2-967f-24e5f2b7a4d1}</UniqueIdentifier>
    </Filter>
    <Filter Include="base\renderer\global\DepthStensil">
      <UniqueIdentifier>{a26ad92b-ff07-4b01-b57d-82e1cf3214ce}</UniqueIdentifier>
    </Filter>
    <Filter Include="base\main">
      <UniqueIdentifier>{43c1423d-1870-4f76-862a-12d97afeb2bb}</UniqueIdentifier>
    </Filter>
    <Filter Include="base\debug">
      <UniqueIdentifier>{22fb4883-3e80-408a-af07-45b28133c5e4}</UniqueIdentifier>
    </Filter>
  </ItemGroup>
  <ItemGroup>
    <ClCompile Include="stdafx.cpp" />
    <ClCompile Include="Point2.cpp">
      <Filter>base\structure</Filter>
    </ClCompile>
    <ClCompile Include="Rect.cpp">
      <Filter>base\structure</Filter>
    </ClCompile>
    <ClCompile Include="Size.cpp">
      <Filter>base\structure</Filter>
    </ClCompile>
    <ClCompile Include="Scene.cpp">
      <Filter>node</Filter>
    </ClCompile>
    <ClCompile Include="Event.cpp">
      <Filter>base\event</Filter>
    </ClCompile>
    <ClCompile Include="MouseEvent.cpp">
      <Filter>base\event</Filter>
    </ClCompile>
    <ClCompile Include="Ref.cpp">
      <Filter>node</Filter>
    </ClCompile>
    <ClCompile Include="Camera.cpp">
      <Filter>base\renderer</Filter>
    </ClCompile>
    <ClCompile Include="Renderer.cpp">
      <Filter>base\renderer</Filter>
    </ClCompile>
    <ClCompile Include="Effect.cpp">
      <Filter>base\renderer\global\Effect</Filter>
    </ClCompile>
    <ClCompile Include="InputLayout.cpp">
      <Filter>base\renderer\global\InputLayout</Filter>
    </ClCompile>
    <ClCompile Include="SimpleColorEffect.cpp">
      <Filter>base\renderer\global\Effect</Filter>
    </ClCompile>
    <ClCompile Include="SimpleLightEffect.cpp">
      <Filter>base\renderer\global\Effect</Filter>
    </ClCompile>
    <ClCompile Include="BasicEffect.cpp">
      <Filter>base\renderer\global\Effect</Filter>
    </ClCompile>
    <ClCompile Include="Blend.cpp">
      <Filter>base\renderer\global\Blend</Filter>
    </ClCompile>
    <ClCompile Include="Rasterizer.cpp">
      <Filter>base\renderer\global\Rasterize</Filter>
    </ClCompile>
    <ClCompile Include="DepthStencil.cpp">
      <Filter>base\renderer\global\DepthStensil</Filter>
    </ClCompile>
    <ClCompile Include="Node.cpp">
      <Filter>node</Filter>
    </ClCompile>
    <ClCompile Include="Model.cpp">
      <Filter>node</Filter>
    </ClCompile>
    <ClCompile Include="Application.cpp">
      <Filter>base\main</Filter>
    </ClCompile>
    <ClCompile Include="Director.cpp">
      <Filter>base\main</Filter>
    </ClCompile>
    <ClCompile Include="KeyManager.cpp">
      <Filter>base\main</Filter>
    </ClCompile>
    <ClCompile Include="Utility.cpp">
      <Filter>base\main</Filter>
    </ClCompile>
    <ClCompile Include="DebugNodes.cpp">
      <Filter>base\debug</Filter>
    </ClCompile>
  </ItemGroup>
  <ItemGroup>
    <ClInclude Include="stdafx.h" />
    <ClInclude Include="Point2.h">
      <Filter>base\structure</Filter>
    </ClInclude>
    <ClInclude Include="Rect.h">
      <Filter>base\structure</Filter>
    </ClInclude>
    <ClInclude Include="Size.h">
      <Filter>base\structure</Filter>
    </ClInclude>
    <ClInclude Include="structure.h">
      <Filter>base\structure</Filter>
    </ClInclude>
    <ClInclude Include="Scene.h">
      <Filter>node</Filter>
    </ClInclude>
    <ClInclude Include="SWEngine.h" />
    <ClInclude Include="Event.h">
      <Filter>base\event</Filter>
    </ClInclude>
    <ClInclude Include="MouseEvent.h">
      <Filter>base\event</Filter>
    </ClInclude>
    <ClInclude Include="Ref.h">
      <Filter>node</Filter>
    </ClInclude>
    <ClInclude Include="Camera.h">
      <Filter>base\renderer</Filter>
    </ClInclude>
    <ClInclude Include="Renderer.h">
      <Filter>base\renderer</Filter>
    </ClInclude>
    <ClInclude Include="Vertex.h">
      <Filter>base\renderer\global</Filter>
    </ClInclude>
    <ClInclude Include="Figure.h">
      <Filter>node</Filter>
    </ClInclude>
    <ClInclude Include="Light.h">
      <Filter>base\renderer\global</Filter>
    </ClInclude>
    <ClInclude Include="LightNode.h">
      <Filter>node</Filter>
    </ClInclude>
    <ClInclude Include="Effect.h">
      <Filter>base\renderer\global\Effect</Filter>
    </ClInclude>
    <ClInclude Include="InputLayout.h">
      <Filter>base\renderer\global\InputLayout</Filter>
    </ClInclude>
    <ClInclude Include="SimpleColorEffect.h">
      <Filter>base\renderer\global\Effect</Filter>
    </ClInclude>
    <ClInclude Include="SimpleLightEffect.h">
      <Filter>base\renderer\global\Effect</Filter>
    </ClInclude>
    <ClInclude Include="BasicEffect.h">
      <Filter>base\renderer\global\Effect</Filter>
    </ClInclude>
    <ClInclude Include="Blend.h">
      <Filter>base\renderer\global\Blend</Filter>
    </ClInclude>
    <ClInclude Include="Rasterizer.h">
      <Filter>base\renderer\global\Rasterize</Filter>
    </ClInclude>
    <ClInclude Include="DepthStencil.h">
      <Filter>base\renderer\global\DepthStensil</Filter>
    </ClInclude>
    <ClInclude Include="Node.h">
      <Filter>node</Filter>
    </ClInclude>
    <ClInclude Include="Model.h">
      <Filter>node</Filter>
    </ClInclude>
    <ClInclude Include="Application.h">
      <Filter>base\main</Filter>
    </ClInclude>
    <ClInclude Include="Director.h">
      <Filter>base\main</Filter>
    </ClInclude>
    <ClInclude Include="KeyManager.h">
      <Filter>base\main</Filter>
    </ClInclude>
    <ClInclude Include="Macro.h">
      <Filter>base\main</Filter>
    </ClInclude>
    <ClInclude Include="SeaWood.h">
      <Filter>base\main</Filter>
    </ClInclude>
    <ClInclude Include="Utility.h">
      <Filter>base\main</Filter>
    </ClInclude>
    <ClInclude Include="DebugNodes.h">
      <Filter>base\debug</Filter>
    </ClInclude>
  </ItemGroup>
  <ItemGroup>
    <FxCompile Include="FX\light.fx">
      <Filter>fx</Filter>
    </FxCompile>
    <FxCompile Include="FX\LightHelper.fx">
      <Filter>fx</Filter>
    </FxCompile>
    <FxCompile Include="FX\Basic.fx">
      <Filter>fx</Filter>
    </FxCompile>
    <FxCompile Include="FX\color.fx">
      <Filter>base\structure</Filter>
    </FxCompile>
  </ItemGroup>
</Project>